
Microsoft Visual Studio Solution File, Format Version 12.00
# Visual Studio Version 16
VisualStudioVersion = 16.0.30114.105
MinimumVisualStudioVersion = 10.0.40219.1
Project("{2150E333-8FDC-42A3-9474-1A3956D46DE8}") = "src", "src", "{642B229F-7285-4B57-A08E-DB605DA9246C}"
EndProject
Project("{FAE04EC0-301F-11D3-BF4B-00C04F79EFBC}") = "KamiDownloader.Desktop", "src\KamiDownloader.Desktop\KamiDownloader.Desktop.csproj", "{EE33FEAF-3A44-4AE3-B10B-11EF2C7E68D6}"
EndProject
Project("{FAE04EC0-301F-11D3-BF4B-00C04F79EFBC}") = "KamiDownloader.Engine", "src\KamiDownloader.Engine\KamiDownloader.Engine.csproj", "{DFE2209C-0422-41E2-8CB6-17BEF50C7F72}"
EndProject
Global
	GlobalSection(SolutionConfigurationPlatforms) = preSolution
		Debug|Any CPU = Debug|Any CPU
		Release|Any CPU = Release|Any CPU
	EndGlobalSection
	GlobalSection(SolutionProperties) = preSolution
		HideSolutionNode = FALSE
	EndGlobalSection
	GlobalSection(ProjectConfigurationPlatforms) = postSolution
		{EE33FEAF-3A44-4AE3-B10B-11EF2C7E68D6}.Debug|Any CPU.ActiveCfg = Debug|Any CPU
		{EE33FEAF-3A44-4AE3-B10B-11EF2C7E68D6}.Debug|Any CPU.Build.0 = Debug|Any CPU
		{EE33FEAF-3A44-4AE3-B10B-11EF2C7E68D6}.Release|Any CPU.ActiveCfg = Release|Any CPU
		{EE33FEAF-3A44-4AE3-B10B-11EF2C7E68D6}.Release|Any CPU.Build.0 = Release|Any CPU
		{DFE2209C-0422-41E2-8CB6-17BEF50C7F72}.Debug|Any CPU.ActiveCfg = Debug|Any CPU
		{DFE2209C-0422-41E2-8CB6-17BEF50C7F72}.Debug|Any CPU.Build.0 = Debug|Any CPU
		{DFE2209C-0422-41E2-8CB6-17BEF50C7F72}.Release|Any CPU.ActiveCfg = Release|Any CPU
		{DFE2209C-0422-41E2-8CB6-17BEF50C7F72}.Release|Any CPU.Build.0 = Release|Any CPU
	EndGlobalSection
	GlobalSection(NestedProjects) = preSolution
		{EE33FEAF-3A44-4AE3-B10B-11EF2C7E68D6} = {642B229F-7285-4B57-A08E-DB605DA9246C}
		{DFE2209C-0422-41E2-8CB6-17BEF50C7F72} = {642B229F-7285-4B57-A08E-DB605DA9246C}
	EndGlobalSection
EndGlobal
